{
    "_meta": {
        "hash": {
            "sha256": "0e2fec19e7e73baa9998ceca12a92aa83e1be1cc262e59fdceb8b6e6c0afc97e"
        },
        "pipfile-spec": 6,
        "requires": {},
        "sources": [
            {
                "name": "pypi",
                "url": "https://pypi.org/simple",
                "verify_ssl": true
            }
        ]
    },
    "default": {},
    "develop": {}
}
